
Microsoft Visual Studio Solution File, Format Version 12.00
# Visual Studio Version 17
VisualStudioVersion = 17.11.35327.3
MinimumVisualStudioVersion = 10.0.40219.1
Project("{9A19103F-16F7-4668-BE54-9A1E7A4F7556}") = "AuditLogSOI", "AuditLogSOI.csproj", "{7EB4B150-490E-4F50-980F-B86CA6777340}"
EndProject
Global
	GlobalSection(SolutionConfigurationPlatforms) = preSolution
		Debug|Any CPU = Debug|Any CPU
		Release|Any CPU = Release|Any CPU
	EndGlobalSection
	GlobalSection(ProjectConfigurationPlatforms) = postSolution
		{7EB4B150-490E-4F50-980F-B86CA6777340}.Debug|Any CPU.ActiveCfg = Debug|Any CPU
		{7EB4B150-490E-4F50-980F-B86CA6777340}.Debug|Any CPU.Build.0 = Debug|Any CPU
		{7EB4B150-490E-4F50-980F-B86CA6777340}.Release|Any CPU.ActiveCfg = Release|Any CPU
		{7EB4B150-490E-4F50-980F-B86CA6777340}.Release|Any CPU.Build.0 = Release|Any CPU
	EndGlobalSection
	GlobalSection(SolutionProperties) = preSolution
		HideSolutionNode = FALSE
	EndGlobalSection
	GlobalSection(ExtensibilityGlobals) = postSolution
		SolutionGuid = {3E561DEB-8EC3-4914-A5A5-4B99B8B288F1}
	EndGlobalSection
EndGlobal
